card:01M2YHWH5R70FFC6TGAN0VP7ZS
card:01M2YHWHM1GXWK41NFFXJBJ3JW
card:01M2YHWJ33Q0QM9973E327HD1M
card:01M2YHWJHGBGZ57DWPS0FSTNG8
card:01M2YHWJZS3MB05B5P0D4AY321
kp:mysql/mvcc-undo/kp-0vp7zs-1
kp:mysql/mvcc-undo/kp-0vp7zs-2
kp:mysql/mvcc-undo/kp-0vp7zs-3
kp:mysql/mvcc-undo/kp-0vp7zs-4
kp:mysql/mvcc-undo/kp-0vp7zs-5
kp:mysql/mvcc-undo/kp-27hd1m-1
kp:mysql/mvcc-undo/kp-27hd1m-2
kp:mysql/mvcc-undo/kp-27hd1m-3
kp:mysql/mvcc-undo/kp-27hd1m-4
kp:mysql/mvcc-undo/kp-4ay321-1
kp:mysql/mvcc-undo/kp-fstng8-1
kp:mysql/mvcc-undo/kp-fstng8-2
kp:mysql/mvcc-undo/kp-jbj3jw-1
kp:mysql/mvcc-undo/kp-jbj3jw-2
kp:mysql/mvcc-undo/kp-jbj3jw-3
kp:mysql/mvcc-undo/kp-jbj3jw-4
kp:mysql/mvcc-undo/kp-jbj3jw-5
